
Microsoft Visual Studio Solution File, Format Version 12.00
# Visual Studio Version 17
VisualStudioVersion = 17.9.34728.123
MinimumVisualStudioVersion = 10.0.40219.1
Project("{FAE04EC0-301F-11D3-BF4B-00C04F79EFBC}") = "BlueMan", "BlueMan\BlueMan.csproj", "{4FD60A92-A87F-4285-AFE4-4D1B0D010118}"
EndProject
Global
	GlobalSection(SolutionConfigurationPlatforms) = preSolution
		Debug|Any CPU = Debug|Any CPU
		Release|Any CPU = Release|Any CPU
	EndGlobalSection
	GlobalSection(ProjectConfigurationPlatforms) = postSolution
		{4FD60A92-A87F-4285-AFE4-4D1B0D010118}.Debug|Any CPU.ActiveCfg = Debug|Any CPU
		{4FD60A92-A87F-4285-AFE4-4D1B0D010118}.Debug|Any CPU.Build.0 = Debug|Any CPU
		{4FD60A92-A87F-4285-AFE4-4D1B0D010118}.Release|Any CPU.ActiveCfg = Release|Any CPU
		{4FD60A92-A87F-4285-AFE4-4D1B0D010118}.Release|Any CPU.Build.0 = Release|Any CPU
	EndGlobalSection
	GlobalSection(SolutionProperties) = preSolution
		HideSolutionNode = FALSE
	EndGlobalSection
	GlobalSection(ExtensibilityGlobals) = postSolution
		SolutionGuid = {DFF770CC-BADF-4264-A307-2B142B143F11}
	EndGlobalSection
EndGlobal
